// !$*UTF8*$!
{
	archiveVersion = 1;
	classes = {
	};
	objectVersion = 46;
	objects = {

/* Begin PBXBuildFile section */
		A30F4C331D9BAC2A00546A2B /* AppDelegate.swift in Sources */ = {isa = PBXBuildFile; fileRef = A30F4C321D9BAC2A00546A2B /* AppDelegate.swift */; };
		A30F4C351D9BAC2A00546A2B /* DrawViewController.swift in Sources */ = {isa = PBXBuildFile; fileRef = A30F4C341D9BAC2A00546A2B /* DrawViewController.swift */; };
		A30F4C381D9BAC2A00546A2B /* Main.storyboard in Resources */ = {isa = PBXBuildFile; fileRef = A30F4C361D9BAC2A00546A2B /* Main.storyboard */; };
		A30F4C3A1D9BAC2A00546A2B /* Assets.xcassets in Resources */ = {isa = PBXBuildFile; fileRef = A30F4C391D9BAC2A00546A2B /* Assets.xcassets */; };
		A30F4C3D1D9BAC2A00546A2B /* LaunchScreen.storyboard in Resources */ = {isa = PBXBuildFile; fileRef = A30F4C3B1D9BAC2A00546A2B /* LaunchScreen.storyboard */; };
		A30F4C721D9BC63F00546A2B /* DrawableView.swift in Sources */ = {isa = PBXBuildFile; fileRef = A30F4C711D9BC63F00546A2B /* DrawableView.swift */; };
		A35478B41DA3C48300C350FC /* DraggableView.swift in Sources */ = {isa = PBXBuildFile; fileRef = A35478B31DA3C48200C350FC /* DraggableView.swift */; };
		A35478B61DA404B100C350FC /* WallViewController.swift in Sources */ = {isa = PBXBuildFile; fileRef = A35478B51DA404B100C350FC /* WallViewController.swift */; };
		A3FD6A521D9EAAF3004506EB /* PlaceViewController.swift in Sources */ = {isa = PBXBuildFile; fileRef = A3FD6A511D9EAAF3004506EB /* PlaceViewController.swift */; };
/* End PBXBuildFile section */

/* Begin PBXFileReference section */
		A30F4C2F1D9BAC2A00546A2B /* testDrawing.app */ = {isa = PBXFileReference; explicitFileType = wrapper.application; includeInIndex = 0; path = testDrawing.app; sourceTree = BUILT_PRODUCTS_DIR; };
		A30F4C321D9BAC2A00546A2B /* AppDelegate.swift */ = {isa = PBXFileReference; lastKnownFileType = sourcecode.swift; path = AppDelegate.swift; sourceTree = "<group>"; };
		A30F4C341D9BAC2A00546A2B /* DrawViewController.swift */ = {isa = PBXFileReference; lastKnownFileType = sourcecode.swift; path = DrawViewController.swift; sourceTree = "<group>"; };
		A30F4C371D9BAC2A00546A2B /* Base */ = {isa = PBXFileReference; lastKnownFileType = file.storyboard; name = Base; path = Base.lproj/Main.storyboard; sourceTree = "<group>"; };
		A30F4C391D9BAC2A00546A2B /* Assets.xcassets */ = {isa = PBXFileReference; lastKnownFileType = folder.assetcatalog; path = Assets.xcassets; sourceTree = "<group>"; };
		A30F4C3C1D9BAC2A00546A2B /* Base */ = {isa = PBXFileReference; lastKnownFileType = file.storyboard; name = Base; path = Base.lproj/LaunchScreen.storyboard; sourceTree = "<group>"; };
		A30F4C3E1D9BAC2B00546A2B /* Info.plist */ = {isa = PBXFileReference; lastKnownFileType = text.plist.xml; path = Info.plist; sourceTree = "<group>"; };
		A30F4C711D9BC63F00546A2B /* DrawableView.swift */ = {isa = PBXFileReference; fileEncoding = 4; lastKnownFileType = sourcecode.swift; path = DrawableView.swift; sourceTree = "<group>"; };
		A35478B31DA3C48200C350FC /* DraggableView.swift */ = {isa = PBXFileReference; fileEncoding = 4; lastKnownFileType = sourcecode.swift; path = DraggableView.swift; sourceTree = "<group>"; };
		A35478B51DA404B100C350FC /* WallViewController.swift */ = {isa = PBXFileReference; fileEncoding = 4; lastKnownFileType = sourcecode.swift; path = WallViewController.swift; sourceTree = "<group>"; };
		A3FD6A511D9EAAF3004506EB /* PlaceViewController.swift */ = {isa = PBXFileReference; fileEncoding = 4; lastKnownFileType = sourcecode.swift; path = PlaceViewController.swift; sourceTree = "<group>"; };
/* End PBXFileReference section */

/* Begin PBXFrameworksBuildPhase section */
		A30F4C2C1D9BAC2900546A2B /* Frameworks */ = {
			isa = PBXFrameworksBuildPhase;
			buildActionMask = 2147483647;
			files = (
			);
			runOnlyForDeploymentPostprocessing = 0;
		};
/* End PBXFrameworksBuildPhase section */

/* Begin PBXGroup section */
		A30F4C261D9BAC2900546A2B = {
			isa = PBXGroup;
			children = (
				A30F4C311D9BAC2A00546A2B /* testDrawing */,
				A30F4C301D9BAC2A00546A2B /* Products */,
			);
			sourceTree = "<group>";
		};
		A30F4C301D9BAC2A00546A2B /* Products */ = {
			isa = PBXGroup;
			children = (
				A30F4C2F1D9BAC2A00546A2B /* testDrawing.app */,
			);
			name = Products;
			sourceTree = "<group>";
		};
		A30F4C311D9BAC2A00546A2B /* testDrawing */ = {
			isa = PBXGroup;
			children = (
				A30F4C321D9BAC2A00546A2B /* AppDelegate.swift */,
				A30F4C711D9BC63F00546A2B /* DrawableView.swift */,
				A35478B31DA3C48200C350FC /* DraggableView.swift */,
				A30F4C341D9BAC2A00546A2B /* DrawViewController.swift */,
				A3FD6A511D9EAAF3004506EB /* PlaceViewController.swift */,
				A35478B51DA404B100C350FC /* WallViewController.swift */,
				A30F4C361D9BAC2A00546A2B /* Main.storyboard */,
				A30F4C391D9BAC2A00546A2B /* Assets.xcassets */,
				A30F4C3B1D9BAC2A00546A2B /* LaunchScreen.storyboard */,
				A30F4C3E1D9BAC2B00546A2B /* Info.plist */,
			);
			path = testDrawing;
			sourceTree = "<group>";
		};
/* End PBXGroup section */

/* Begin PBXNativeTarget section */
		A30F4C2E1D9BAC2900546A2B /* testDrawing */ = {
			isa = PBXNativeTarget;
			buildConfigurationList = A30F4C411D9BAC2B00546A2B /* Build configuration list for PBXNativeTarget "testDrawing" */;
			buildPhases = (
				A30F4C2B1D9BAC2900546A2B /* Sources */,
				A30F4C2C1D9BAC2900546A2B /* Frameworks */,
				A30F4C2D1D9BAC2900546A2B /* Resources */,
			);
			buildRules = (
			);
			dependencies = (
			);
			name = testDrawing;
			productName = testDrawing;
			productReference = A30F4C2F1D9BAC2A00546A2B /* testDrawing.app */;
			productType = "com.apple.product-type.application";
		};
/* End PBXNativeTarget section */

/* Begin PBXProject section */
		A30F4C271D9BAC2900546A2B /* Project object */ = {
			isa = PBXProject;
			attributes = {
				LastSwiftUpdateCheck = 0730;
				LastUpgradeCheck = 0800;
				ORGANIZATIONNAME = "Julia Friberg";
				TargetAttributes = {
					A30F4C2E1D9BAC2900546A2B = {
						CreatedOnToolsVersion = 7.3.1;
						DevelopmentTeam = AD9PDVLN6F;
						LastSwiftMigration = 0800;
					};
				};
			};
			buildConfigurationList = A30F4C2A1D9BAC2900546A2B /* Build configuration list for PBXProject "testDrawing" */;
			compatibilityVersion = "Xcode 3.2";
			developmentRegion = English;
			hasScannedForEncodings = 0;
			knownRegions = (
				en,
				Base,
			);
			mainGroup = A30F4C261D9BAC2900546A2B;
			productRefGroup = A30F4C301D9BAC2A00546A2B /* Products */;
			projectDirPath = "";
			projectRoot = "";
			targets = (
				A30F4C2E1D9BAC2900546A2B /* testDrawing */,
			);
		};
/* End PBXProject section */

/* Begin PBXResourcesBuildPhase section */
		A30F4C2D1D9BAC2900546A2B /* Resources */ = {
			isa = PBXResourcesBuildPhase;
			buildActionMask = 2147483647;
			files = (
				A30F4C3D1D9BAC2A00546A2B /* LaunchScreen.storyboard in Resources */,
				A30F4C3A1D9BAC2A00546A2B /* Assets.xcassets in Resources */,
				A30F4C381D9BAC2A00546A2B /* Main.storyboard in Resources */,
			);
			runOnlyForDeploymentPostprocessing = 0;
		};
/* End PBXResourcesBuildPhase section */

/* Begin PBXSourcesBuildPhase section */
		A30F4C2B1D9BAC2900546A2B /* Sources */ = {
			isa = PBXSourcesBuildPhase;
			buildActionMask = 2147483647;
			files = (
				A35478B61DA404B100C350FC /* WallViewController.swift in Sources */,
				A30F4C721D9BC63F00546A2B /* DrawableView.swift in Sources */,
				A30F4C351D9BAC2A00546A2B /* DrawViewController.swift in Sources */,
				A3FD6A521D9EAAF3004506EB /* PlaceViewController.swift in Sources */,
				A35478B41DA3C48300C350FC /* DraggableView.swift in Sources */,
				A30F4C331D9BAC2A00546A2B /* AppDelegate.swift in Sources */,
			);
			runOnlyForDeploymentPostprocessing = 0;
		};
/* End PBXSourcesBuildPhase section */

/* Begin PBXVariantGroup section */
		A30F4C361D9BAC2A00546A2B /* Main.storyboard */ = {
			isa = PBXVariantGroup;
			children = (
				A30F4C371D9BAC2A00546A2B /* Base */,
			);
			name = Main.storyboard;
			sourceTree = "<group>";
		};
		A30F4C3B1D9BAC2A00546A2B /* LaunchScreen.storyboard */ = {
			isa = PBXVariantGroup;
			children = (
				A30F4C3C1D9BAC2A00546A2B /* Base */,
			);
			name = LaunchScreen.storyboard;
			sourceTree = "<group>";
		};
/* End PBXVariantGroup section */

/* Begin XCBuildConfiguration section */
		A30F4C3F1D9BAC2B00546A2B /* Debug */ = {
			isa = XCBuildConfiguration;
			buildSettings = {
				ALWAYS_SEARCH_USER_PATHS = NO;
				CLANG_ANALYZER_NONNULL = YES;
				CLANG_CXX_LANGUAGE_STANDARD = "gnu++0x";
				CLANG_CXX_LIBRARY = "libc++";
				CLANG_ENABLE_MODULES = YES;
				CLANG_ENABLE_OBJC_ARC = YES;
				CLANG_WARN_BOOL_CONVERSION = YES;
				CLANG_WARN_CONSTANT_CONVERSION = YES;
				CLANG_WARN_DIRECT_OBJC_ISA_USAGE = YES_ERROR;
				CLANG_WARN_EMPTY_BODY = YES;
				CLANG_WARN_ENUM_CONVERSION = YES;
				CLANG_WARN_INFINITE_RECURSION = YES;
				CLANG_WARN_INT_CONVERSION = YES;
				CLANG_WARN_OBJC_ROOT_CLASS = YES_ERROR;
				CLANG_WARN_SUSPICIOUS_MOVE = YES;
				CLANG_WARN_UNREACHABLE_CODE = YES;
				CLANG_WARN__DUPLICATE_METHOD_MATCH = YES;
				"CODE_SIGN_IDENTITY[sdk=iphoneos*]" = "iPhone Developer";
				COPY_PHASE_STRIP = NO;
				DEBUG_INFORMATION_FORMAT = dwarf;
				ENABLE_STRICT_OBJC_MSGSEND = YES;
				ENABLE_TESTABILITY = YES;
				GCC_C_LANGUAGE_STANDARD = gnu99;
				GCC_DYNAMIC_NO_PIC = NO;
				GCC_NO_COMMON_BLOCKS = YES;
				GCC_OPTIMIZATION_LEVEL = 0;
				GCC_PREPROCESSOR_DEFINITIONS = (
					"DEBUG=1",
					"$(inherited)",
				);
				GCC_WARN_64_TO_32_BIT_CONVERSION = YES;
				GCC_WARN_ABOUT_RETURN_TYPE = YES_ERROR;
				GCC_WARN_UNDECLARED_SELECTOR = YES;
				GCC_WARN_UNINITIALIZED_AUTOS = YES_AGGRESSIVE;
				GCC_WARN_UNUSED_FUNCTION = YES;
				GCC_WARN_UNUSED_VARIABLE = YES;
				IPHONEOS_DEPLOYMENT_TARGET = 9.3;
				MTL_ENABLE_DEBUG_INFO = YES;
				ONLY_ACTIVE_ARCH = YES;
				SDKROOT = iphoneos;
				SWIFT_OPTIMIZATION_LEVEL = "-Onone";
				TARGETED_DEVICE_FAMILY = "1,2";
			};
			name = Debug;
		};
		A30F4C401D9BAC2B00546A2B /* Release */ = {
			isa = XCBuildConfiguration;
			buildSettings = {
				ALWAYS_SEARCH_USER_PATHS = NO;
				CLANG_ANALYZER_NONNULL = YES;
				CLANG_CXX_LANGUAGE_STANDARD = "gnu++0x";
				CLANG_CXX_LIBRARY = "libc++";
				CLANG_ENABLE_MODULES = YES;
				CLANG_ENABLE_OBJC_ARC = YES;
				CLANG_WARN_BOOL_CONVERSION = YES;
				CLANG_WARN_CONSTANT_CONVERSION = YES;
				CLANG_WARN_DIRECT_OBJC_ISA_USAGE = YES_ERROR;
				CLANG_WARN_EMPTY_BODY = YES;
				CLANG_WARN_ENUM_CONVERSION = YES;
				CLANG_WARN_INFINITE_RECURSION = YES;
				CLANG_WARN_INT_CONVERSION = YES;
				CLANG_WARN_OBJC_ROOT_CLASS = YES_ERROR;
				CLANG_WARN_SUSPICIOUS_MOVE = YES;
				CLANG_WARN_UNREACHABLE_CODE = YES;
				CLANG_WARN__DUPLICATE_METHOD_MATCH = YES;
				"CODE_SIGN_IDENTITY[sdk=iphoneos*]" = "iPhone Developer";
				COPY_PHASE_STRIP = NO;
				DEBUG_INFORMATION_FORMAT = "dwarf-with-dsym";
				ENABLE_NS_ASSERTIONS = NO;
				ENABLE_STRICT_OBJC_MSGSEND = YES;
				GCC_C_LANGUAGE_STANDARD = gnu99;
				GCC_NO_COMMON_BLOCKS = YES;
				GCC_WARN_64_TO_32_BIT_CONVERSION = YES;
				GCC_WARN_ABOUT_RETURN_TYPE = YES_ERROR;
				GCC_WARN_UNDECLARED_SELECTOR = YES;
				GCC_WARN_UNINITIALIZED_AUTOS = YES_AGGRESSIVE;
				GCC_WARN_UNUSED_FUNCTION = YES;
				GCC_WARN_UNUSED_VARIABLE = YES;
				IPHONEOS_DEPLOYMENT_TARGET = 9.3;
				MTL_ENABLE_DEBUG_INFO = NO;
				SDKROOT = iphoneos;
				SWIFT_OPTIMIZATION_LEVEL = "-Owholemodule";
				TARGETED_DEVICE_FAMILY = "1,2";
				VALIDATE_PRODUCT = YES;
			};
			name = Release;
		};
		A30F4C421D9BAC2B00546A2B /* Debug */ = {
			isa = XCBuildConfiguration;
			buildSettings = {
				ASSETCATALOG_COMPILER_APPICON_NAME = AppIcon;
				DEVELOPMENT_TEAM = AD9PDVLN6F;
				INFOPLIST_FILE = testDrawing/Info.plist;
				LD_RUNPATH_SEARCH_PATHS = "$(inherited) @executable_path/Frameworks";
				PRODUCT_BUNDLE_IDENTIFIER = se.chalmers.ait.wallofthoughts;
				PRODUCT_NAME = "$(TARGET_NAME)";
				SWIFT_VERSION = 3.0;
			};
			name = Debug;
		};
		A30F4C431D9BAC2B00546A2B /* Release */ = {
			isa = XCBuildConfiguration;
			buildSettings = {
				ASSETCATALOG_COMPILER_APPICON_NAME = AppIcon;
				DEVELOPMENT_TEAM = AD9PDVLN6F;
				INFOPLIST_FILE = testDrawing/Info.plist;
				LD_RUNPATH_SEARCH_PATHS = "$(inherited) @executable_path/Frameworks";
				PRODUCT_BUNDLE_IDENTIFIER = se.chalmers.ait.wallofthoughts;
				PRODUCT_NAME = "$(TARGET_NAME)";
				SWIFT_VERSION = 3.0;
			};
			name = Release;
		};
/* End XCBuildConfiguration section */

/* Begin XCConfigurationList section */
		A30F4C2A1D9BAC2900546A2B /* Build configuration list for PBXProject "testDrawing" */ = {
			isa = XCConfigurationList;
			buildConfigurations = (
				A30F4C3F1D9BAC2B00546A2B /* Debug */,
				A30F4C401D9BAC2B00546A2B /* Release */,
			);
			defaultConfigurationIsVisible = 0;
			defaultConfigurationName = Release;
		};
		A30F4C411D9BAC2B00546A2B /* Build configuration list for PBXNativeTarget "testDrawing" */ = {
			isa = XCConfigurationList;
			buildConfigurations = (
				A30F4C421D9BAC2B00546A2B /* Debug */,
				A30F4C431D9BAC2B00546A2B /* Release */,
			);
			defaultConfigurationIsVisible = 0;
			defaultConfigurationName = Release;
		};
/* End XCConfigurationList section */
	};
	rootObject = A30F4C271D9BAC2900546A2B /* Project object */;
}
